// !$*UTF8*$!
{
	archiveVersion = 1;
	classes = {
	};
	objectVersion = 46;
	objects = {

/* Begin PBXBuildFile section */
		B0543A5D1C17014A009D374C /* TYLaunchBaseAnimation.m in Sources */ = {isa = PBXBuildFile; fileRef = B0543A561C17014A009D374C /* TYLaunchBaseAnimation.m */; };
		B0543A5E1C17014A009D374C /* TYLaunchFadeScaleAnimation.m in Sources */ = {isa = PBXBuildFile; fileRef = B0543A581C17014A009D374C /* TYLaunchFadeScaleAnimation.m */; };
		B0543A5F1C17014A009D374C /* UIImage+TYLaunchImage.m in Sources */ = {isa = PBXBuildFile; fileRef = B0543A5A1C17014A009D374C /* UIImage+TYLaunchImage.m */; };
		B0543A601C17014A009D374C /* UIView+TYLaunchAnimation.m in Sources */ = {isa = PBXBuildFile; fileRef = B0543A5C1C17014A009D374C /* UIView+TYLaunchAnimation.m */; };
		B0A2145D1C10633800C768E9 /* main.m in Sources */ = {isa = PBXBuildFile; fileRef = B0A2145C1C10633800C768E9 /* main.m */; };
		B0A214601C10633800C768E9 /* AppDelegate.m in Sources */ = {isa = PBXBuildFile; fileRef = B0A2145F1C10633800C768E9 /* AppDelegate.m */; };
		B0A214631C10633800C768E9 /* ViewController.m in Sources */ = {isa = PBXBuildFile; fileRef = B0A214621C10633800C768E9 /* ViewController.m */; };
		B0A214661C10633800C768E9 /* Main.storyboard in Resources */ = {isa = PBXBuildFile; fileRef = B0A214641C10633800C768E9 /* Main.storyboard */; };
		B0A214681C10633800C768E9 /* Assets.xcassets in Resources */ = {isa = PBXBuildFile; fileRef = B0A214671C10633800C768E9 /* Assets.xcassets */; };
		B0A2146B1C10633800C768E9 /* LaunchScreen.storyboard in Resources */ = {isa = PBXBuildFile; fileRef = B0A214691C10633800C768E9 /* LaunchScreen.storyboard */; };
/* End PBXBuildFile section */

/* Begin PBXFileReference section */
		B0543A541C17014A009D374C /* TYLaunchAnimationProtocol.h */ = {isa = PBXFileReference; fileEncoding = 4; lastKnownFileType = sourcecode.c.h; path = TYLaunchAnimationProtocol.h; sourceTree = "<group>"; };
		B0543A551C17014A009D374C /* TYLaunchBaseAnimation.h */ = {isa = PBXFileReference; fileEncoding = 4; lastKnownFileType = sourcecode.c.h; path = TYLaunchBaseAnimation.h; sourceTree = "<group>"; };
		B0543A561C17014A009D374C /* TYLaunchBaseAnimation.m */ = {isa = PBXFileReference; fileEncoding = 4; lastKnownFileType = sourcecode.c.objc; path = TYLaunchBaseAnimation.m; sourceTree = "<group>"; };
		B0543A571C17014A009D374C /* TYLaunchFadeScaleAnimation.h */ = {isa = PBXFileReference; fileEncoding = 4; lastKnownFileType = sourcecode.c.h; path = TYLaunchFadeScaleAnimation.h; sourceTree = "<group>"; };
		B0543A581C17014A009D374C /* TYLaunchFadeScaleAnimation.m */ = {isa = PBXFileReference; fileEncoding = 4; lastKnownFileType = sourcecode.c.objc; path = TYLaunchFadeScaleAnimation.m; sourceTree = "<group>"; };
		B0543A591C17014A009D374C /* UIImage+TYLaunchImage.h */ = {isa = PBXFileReference; fileEncoding = 4; lastKnownFileType = sourcecode.c.h; path = "UIImage+TYLaunchImage.h"; sourceTree = "<group>"; };
		B0543A5A1C17014A009D374C /* UIImage+TYLaunchImage.m */ = {isa = PBXFileReference; fileEncoding = 4; lastKnownFileType = sourcecode.c.objc; path = "UIImage+TYLaunchImage.m"; sourceTree = "<group>"; };
		B0543A5B1C17014A009D374C /* UIView+TYLaunchAnimation.h */ = {isa = PBXFileReference; fileEncoding = 4; lastKnownFileType = sourcecode.c.h; path = "UIView+TYLaunchAnimation.h"; sourceTree = "<group>"; };
		B0543A5C1C17014A009D374C /* UIView+TYLaunchAnimation.m */ = {isa = PBXFileReference; fileEncoding = 4; lastKnownFileType = sourcecode.c.objc; path = "UIView+TYLaunchAnimation.m"; sourceTree = "<group>"; };
		B0A214581C10633800C768E9 /* TYLaunchAnimationDemo.app */ = {isa = PBXFileReference; explicitFileType = wrapper.application; includeInIndex = 0; path = TYLaunchAnimationDemo.app; sourceTree = BUILT_PRODUCTS_DIR; };
		B0A2145C1C10633800C768E9 /* main.m */ = {isa = PBXFileReference; lastKnownFileType = sourcecode.c.objc; path = main.m; sourceTree = "<group>"; };
		B0A2145E1C10633800C768E9 /* AppDelegate.h */ = {isa = PBXFileReference; lastKnownFileType = sourcecode.c.h; path = AppDelegate.h; sourceTree = "<group>"; };
		B0A2145F1C10633800C768E9 /* AppDelegate.m */ = {isa = PBXFileReference; lastKnownFileType = sourcecode.c.objc; path = AppDelegate.m; sourceTree = "<group>"; };
		B0A214611C10633800C768E9 /* ViewController.h */ = {isa = PBXFileReference; lastKnownFileType = sourcecode.c.h; path = ViewController.h; sourceTree = "<group>"; };
		B0A214621C10633800C768E9 /* ViewController.m */ = {isa = PBXFileReference; lastKnownFileType = sourcecode.c.objc; path = ViewController.m; sourceTree = "<group>"; };
		B0A214651C10633800C768E9 /* Base */ = {isa = PBXFileReference; lastKnownFileType = file.storyboard; name = Base; path = Base.lproj/Main.storyboard; sourceTree = "<group>"; };
		B0A214671C10633800C768E9 /* Assets.xcassets */ = {isa = PBXFileReference; lastKnownFileType = folder.assetcatalog; path = Assets.xcassets; sourceTree = "<group>"; };
		B0A2146A1C10633800C768E9 /* Base */ = {isa = PBXFileReference; lastKnownFileType = file.storyboard; name = Base; path = Base.lproj/LaunchScreen.storyboard; sourceTree = "<group>"; };
		B0A2146C1C10633800C768E9 /* Info.plist */ = {isa = PBXFileReference; lastKnownFileType = text.plist.xml; path = Info.plist; sourceTree = "<group>"; };
/* End PBXFileReference section */

/* Begin PBXFrameworksBuildPhase section */
		B0A214551C10633800C768E9 /* Frameworks */ = {
			isa = PBXFrameworksBuildPhase;
			buildActionMask = 2147483647;
			files = (
			);
			runOnlyForDeploymentPostprocessing = 0;
		};
/* End PBXFrameworksBuildPhase section */

/* Begin PBXGroup section */
		B0543A531C17014A009D374C /* TYLaunchAnimation */ = {
			isa = PBXGroup;
			children = (
				B0543A541C17014A009D374C /* TYLaunchAnimationProtocol.h */,
				B0543A551C17014A009D374C /* TYLaunchBaseAnimation.h */,
				B0543A561C17014A009D374C /* TYLaunchBaseAnimation.m */,
				B0543A571C17014A009D374C /* TYLaunchFadeScaleAnimation.h */,
				B0543A581C17014A009D374C /* TYLaunchFadeScaleAnimation.m */,
				B0543A591C17014A009D374C /* UIImage+TYLaunchImage.h */,
				B0543A5A1C17014A009D374C /* UIImage+TYLaunchImage.m */,
				B0543A5B1C17014A009D374C /* UIView+TYLaunchAnimation.h */,
				B0543A5C1C17014A009D374C /* UIView+TYLaunchAnimation.m */,
			);
			path = TYLaunchAnimation;
			sourceTree = SOURCE_ROOT;
		};
		B0A2144F1C10633800C768E9 = {
			isa = PBXGroup;
			children = (
				B0A2145A1C10633800C768E9 /* TYLaunchAnimationDemo */,
				B0A214591C10633800C768E9 /* Products */,
			);
			sourceTree = "<group>";
		};
		B0A214591C10633800C768E9 /* Products */ = {
			isa = PBXGroup;
			children = (
				B0A214581C10633800C768E9 /* TYLaunchAnimationDemo.app */,
			);
			name = Products;
			sourceTree = "<group>";
		};
		B0A2145A1C10633800C768E9 /* TYLaunchAnimationDemo */ = {
			isa = PBXGroup;
			children = (
				B0543A531C17014A009D374C /* TYLaunchAnimation */,
				B0A2145E1C10633800C768E9 /* AppDelegate.h */,
				B0A2145F1C10633800C768E9 /* AppDelegate.m */,
				B0A214611C10633800C768E9 /* ViewController.h */,
				B0A214621C10633800C768E9 /* ViewController.m */,
				B0A214641C10633800C768E9 /* Main.storyboard */,
				B0A214671C10633800C768E9 /* Assets.xcassets */,
				B0A214691C10633800C768E9 /* LaunchScreen.storyboard */,
				B0A2146C1C10633800C768E9 /* Info.plist */,
				B0A2145B1C10633800C768E9 /* Supporting Files */,
			);
			path = TYLaunchAnimationDemo;
			sourceTree = "<group>";
		};
		B0A2145B1C10633800C768E9 /* Supporting Files */ = {
			isa = PBXGroup;
			children = (
				B0A2145C1C10633800C768E9 /* main.m */,
			);
			name = "Supporting Files";
			sourceTree = "<group>";
		};
/* End PBXGroup section */

/* Begin PBXNativeTarget section */
		B0A214571C10633800C768E9 /* TYLaunchAnimationDemo */ = {
			isa = PBXNativeTarget;
			buildConfigurationList = B0A2146F1C10633800C768E9 /* Build configuration list for PBXNativeTarget "TYLaunchAnimationDemo" */;
			buildPhases = (
				B0A214541C10633800C768E9 /* Sources */,
				B0A214551C10633800C768E9 /* Frameworks */,
				B0A214561C10633800C768E9 /* Resources */,
			);
			buildRules = (
			);
			dependencies = (
			);
			name = TYLaunchAnimationDemo;
			productName = TYLaunchAnimationDemo;
			productReference = B0A214581C10633800C768E9 /* TYLaunchAnimationDemo.app */;
			productType = "com.apple.product-type.application";
		};
/* End PBXNativeTarget section */

/* Begin PBXProject section */
		B0A214501C10633800C768E9 /* Project object */ = {
			isa = PBXProject;
			attributes = {
				LastUpgradeCheck = 0710;
				ORGANIZATIONNAME = tanyang;
				TargetAttributes = {
					B0A214571C10633800C768E9 = {
						CreatedOnToolsVersion = 7.1.1;
						DevelopmentTeam = ZW52Q3KXX4;
					};
				};
			};
			buildConfigurationList = B0A214531C10633800C768E9 /* Build configuration list for PBXProject "TYLaunchAnimationDemo" */;
			compatibilityVersion = "Xcode 3.2";
			developmentRegion = English;
			hasScannedForEncodings = 0;
			knownRegions = (
				en,
				Base,
			);
			mainGroup = B0A2144F1C10633800C768E9;
			productRefGroup = B0A214591C10633800C768E9 /* Products */;
			projectDirPath = "";
			projectRoot = "";
			targets = (
				B0A214571C10633800C768E9 /* TYLaunchAnimationDemo */,
			);
		};
/* End PBXProject section */

/* Begin PBXResourcesBuildPhase section */
		B0A214561C10633800C768E9 /* Resources */ = {
			isa = PBXResourcesBuildPhase;
			buildActionMask = 2147483647;
			files = (
				B0A2146B1C10633800C768E9 /* LaunchScreen.storyboard in Resources */,
				B0A214681C10633800C768E9 /* Assets.xcassets in Resources */,
				B0A214661C10633800C768E9 /* Main.storyboard in Resources */,
			);
			runOnlyForDeploymentPostprocessing = 0;
		};
/* End PBXResourcesBuildPhase section */

/* Begin PBXSourcesBuildPhase section */
		B0A214541C10633800C768E9 /* Sources */ = {
			isa = PBXSourcesBuildPhase;
			buildActionMask = 2147483647;
			files = (
				B0543A5D1C17014A009D374C /* TYLaunchBaseAnimation.m in Sources */,
				B0543A601C17014A009D374C /* UIView+TYLaunchAnimation.m in Sources */,
				B0A214631C10633800C768E9 /* ViewController.m in Sources */,
				B0A214601C10633800C768E9 /* AppDelegate.m in Sources */,
				B0543A5F1C17014A009D374C /* UIImage+TYLaunchImage.m in Sources */,
				B0A2145D1C10633800C768E9 /* main.m in Sources */,
				B0543A5E1C17014A009D374C /* TYLaunchFadeScaleAnimation.m in Sources */,
			);
			runOnlyForDeploymentPostprocessing = 0;
		};
/* End PBXSourcesBuildPhase section */

/* Begin PBXVariantGroup section */
		B0A214641C10633800C768E9 /* Main.storyboard */ = {
			isa = PBXVariantGroup;
			children = (
				B0A214651C10633800C768E9 /* Base */,
			);
			name = Main.storyboard;
			sourceTree = "<group>";
		};
		B0A214691C10633800C768E9 /* LaunchScreen.storyboard */ = {
			isa = PBXVariantGroup;
			children = (
				B0A2146A1C10633800C768E9 /* Base */,
			);
			name = LaunchScreen.storyboard;
			sourceTree = "<group>";
		};
/* End PBXVariantGroup section */

/* Begin XCBuildConfiguration section */
		B0A2146D1C10633800C768E9 /* Debug */ = {
			isa = XCBuildConfiguration;
			buildSettings = {
				ALWAYS_SEARCH_USER_PATHS = NO;
				CLANG_CXX_LANGUAGE_STANDARD = "gnu++0x";
				CLANG_CXX_LIBRARY = "libc++";
				CLANG_ENABLE_MODULES = YES;
				CLANG_ENABLE_OBJC_ARC = YES;
				CLANG_WARN_BOOL_CONVERSION = YES;
				CLANG_WARN_CONSTANT_CONVERSION = YES;
				CLANG_WARN_DIRECT_OBJC_ISA_USAGE = YES_ERROR;
				CLANG_WARN_EMPTY_BODY = YES;
				CLANG_WARN_ENUM_CONVERSION = YES;
				CLANG_WARN_INT_CONVERSION = YES;
				CLANG_WARN_OBJC_ROOT_CLASS = YES_ERROR;
				CLANG_WARN_UNREACHABLE_CODE = YES;
				CLANG_WARN__DUPLICATE_METHOD_MATCH = YES;
				CODE_SIGN_IDENTITY = "iPhone Developer";
				"CODE_SIGN_IDENTITY[sdk=iphoneos*]" = "iPhone Developer";
				COPY_PHASE_STRIP = NO;
				DEBUG_INFORMATION_FORMAT = dwarf;
				ENABLE_STRICT_OBJC_MSGSEND = YES;
				ENABLE_TESTABILITY = YES;
				GCC_C_LANGUAGE_STANDARD = gnu99;
				GCC_DYNAMIC_NO_PIC = NO;
				GCC_NO_COMMON_BLOCKS = YES;
				GCC_OPTIMIZATION_LEVEL = 0;
				GCC_PREPROCESSOR_DEFINITIONS = (
					"DEBUG=1",
					"$(inherited)",
				);
				GCC_WARN_64_TO_32_BIT_CONVERSION = YES;
				GCC_WARN_ABOUT_RETURN_TYPE = YES_ERROR;
				GCC_WARN_UNDECLARED_SELECTOR = YES;
				GCC_WARN_UNINITIALIZED_AUTOS = YES_AGGRESSIVE;
				GCC_WARN_UNUSED_FUNCTION = YES;
				GCC_WARN_UNUSED_VARIABLE = YES;
				IPHONEOS_DEPLOYMENT_TARGET = 7.0;
				MTL_ENABLE_DEBUG_INFO = YES;
				ONLY_ACTIVE_ARCH = YES;
				SDKROOT = iphoneos;
				TARGETED_DEVICE_FAMILY = "1,2";
			};
			name = Debug;
		};
		B0A2146E1C10633800C768E9 /* Release */ = {
			isa = XCBuildConfiguration;
			buildSettings = {
				ALWAYS_SEARCH_USER_PATHS = NO;
				CLANG_CXX_LANGUAGE_STANDARD = "gnu++0x";
				CLANG_CXX_LIBRARY = "libc++";
				CLANG_ENABLE_MODULES = YES;
				CLANG_ENABLE_OBJC_ARC = YES;
				CLANG_WARN_BOOL_CONVERSION = YES;
				CLANG_WARN_CONSTANT_CONVERSION = YES;
				CLANG_WARN_DIRECT_OBJC_ISA_USAGE = YES_ERROR;
				CLANG_WARN_EMPTY_BODY = YES;
				CLANG_WARN_ENUM_CONVERSION = YES;
				CLANG_WARN_INT_CONVERSION = YES;
				CLANG_WARN_OBJC_ROOT_CLASS = YES_ERROR;
				CLANG_WARN_UNREACHABLE_CODE = YES;
				CLANG_WARN__DUPLICATE_METHOD_MATCH = YES;
				"CODE_SIGN_IDENTITY[sdk=iphoneos*]" = "iPhone Developer";
				COPY_PHASE_STRIP = NO;
				DEBUG_INFORMATION_FORMAT = "dwarf-with-dsym";
				ENABLE_NS_ASSERTIONS = NO;
				ENABLE_STRICT_OBJC_MSGSEND = YES;
				GCC_C_LANGUAGE_STANDARD = gnu99;
				GCC_NO_COMMON_BLOCKS = YES;
				GCC_WARN_64_TO_32_BIT_CONVERSION = YES;
				GCC_WARN_ABOUT_RETURN_TYPE = YES_ERROR;
				GCC_WARN_UNDECLARED_SELECTOR = YES;
				GCC_WARN_UNINITIALIZED_AUTOS = YES_AGGRESSIVE;
				GCC_WARN_UNUSED_FUNCTION = YES;
				GCC_WARN_UNUSED_VARIABLE = YES;
				IPHONEOS_DEPLOYMENT_TARGET = 7.0;
				MTL_ENABLE_DEBUG_INFO = NO;
				SDKROOT = iphoneos;
				TARGETED_DEVICE_FAMILY = "1,2";
				VALIDATE_PRODUCT = YES;
			};
			name = Release;
		};
		B0A214701C10633800C768E9 /* Debug */ = {
			isa = XCBuildConfiguration;
			buildSettings = {
				ASSETCATALOG_COMPILER_APPICON_NAME = AppIcon;
				ASSETCATALOG_COMPILER_LAUNCHIMAGE_NAME = LaunchImage;
				CODE_SIGN_IDENTITY = "iPhone Developer";
				"CODE_SIGN_IDENTITY[sdk=iphoneos*]" = "iPhone Developer";
				INFOPLIST_FILE = TYLaunchAnimationDemo/Info.plist;
				LD_RUNPATH_SEARCH_PATHS = "$(inherited) @executable_path/Frameworks";
				PRODUCT_BUNDLE_IDENTIFIER = com.tanyang.TYLaunchAnimationDemo;
				PRODUCT_NAME = "$(TARGET_NAME)";
				PROVISIONING_PROFILE = "";
			};
			name = Debug;
		};
		B0A214711C10633800C768E9 /* Release */ = {
			isa = XCBuildConfiguration;
			buildSettings = {
				ASSETCATALOG_COMPILER_APPICON_NAME = AppIcon;
				ASSETCATALOG_COMPILER_LAUNCHIMAGE_NAME = LaunchImage;
				CODE_SIGN_IDENTITY = "iPhone Developer";
				"CODE_SIGN_IDENTITY[sdk=iphoneos*]" = "iPhone Developer";
				INFOPLIST_FILE = TYLaunchAnimationDemo/Info.plist;
				LD_RUNPATH_SEARCH_PATHS = "$(inherited) @executable_path/Frameworks";
				PRODUCT_BUNDLE_IDENTIFIER = com.tanyang.TYLaunchAnimationDemo;
				PRODUCT_NAME = "$(TARGET_NAME)";
				PROVISIONING_PROFILE = "";
			};
			name = Release;
		};
/* End XCBuildConfiguration section */

/* Begin XCConfigurationList section */
		B0A214531C10633800C768E9 /* Build configuration list for PBXProject "TYLaunchAnimationDemo" */ = {
			isa = XCConfigurationList;
			buildConfigurations = (
				B0A2146D1C10633800C768E9 /* Debug */,
				B0A2146E1C10633800C768E9 /* Release */,
			);
			defaultConfigurationIsVisible = 0;
			defaultConfigurationName = Release;
		};
		B0A2146F1C10633800C768E9 /* Build configuration list for PBXNativeTarget "TYLaunchAnimationDemo" */ = {
			isa = XCConfigurationList;
			buildConfigurations = (
				B0A214701C10633800C768E9 /* Debug */,
				B0A214711C10633800C768E9 /* Release */,
			);
			defaultConfigurationIsVisible = 0;
			defaultConfigurationName = Release;
		};
/* End XCConfigurationList section */
	};
	rootObject = B0A214501C10633800C768E9 /* Project object */;
}
